
Microsoft Visual Studio Solution File, Format Version 12.00
# Visual Studio Version 16
VisualStudioVersion = 16.0.31829.152
MinimumVisualStudioVersion = 10.0.40219.1
Project("{FAE04EC0-301F-11D3-BF4B-00C04F79EFBC}") = "Agence", "Agence.csproj", "{F2D31984-8913-42D9-B7B7-93F8B579190B}"
EndProject
Global
	GlobalSection(SolutionConfigurationPlatforms) = preSolution
		Debug|Any CPU = Debug|Any CPU
		Release|Any CPU = Release|Any CPU
	EndGlobalSection
	GlobalSection(ProjectConfigurationPlatforms) = postSolution
		{F2D31984-8913-42D9-B7B7-93F8B579190B}.Debug|Any CPU.ActiveCfg = Debug|Any CPU
		{F2D31984-8913-42D9-B7B7-93F8B579190B}.Debug|Any CPU.Build.0 = Debug|Any CPU
		{F2D31984-8913-42D9-B7B7-93F8B579190B}.Release|Any CPU.ActiveCfg = Release|Any CPU
		{F2D31984-8913-42D9-B7B7-93F8B579190B}.Release|Any CPU.Build.0 = Release|Any CPU
	EndGlobalSection
	GlobalSection(SolutionProperties) = preSolution
		HideSolutionNode = FALSE
	EndGlobalSection
	GlobalSection(ExtensibilityGlobals) = postSolution
		SolutionGuid = {A1428C64-71EA-46AF-A5B8-69A7530267C3}
	EndGlobalSection
EndGlobal
